{
  "name": "bn254",
  "version": "1.0.0",
  "lockfileVersion": 2,
  "requires": true,
  "packages": {
    "": {
      "dependencies": {
        "@noble/curves": "^0.8.3"
      },
      "devDependencies": {
        "@types/node": "^18.15.3",
        "typescript": "^5.0.2"
      }
    },
    "node_modules/@noble/curves": {
      "version": "0.8.3",
      "resolved": "https://registry.npmjs.org/@noble/curves/-/curves-0.8.3.tgz",
      "integrity": "sha512-OqaOf4RWDaCRuBKJLDURrgVxjLmneGsiCXGuzYB5y95YithZMA6w4uk34DHSm0rKMrrYiaeZj48/81EvaAScLQ==",
      "funding": [
        {
          "type": "individual",
          "url": "https://paulmillr.com/funding/"
        }
      ],
      "dependencies": {
        "@noble/hashes": "1.3.0"
      }
    },
    "node_modules/@noble/hashes": {
      "version": "1.3.0",
      "resolved": "https://registry.npmjs.org/@noble/hashes/-/hashes-1.3.0.tgz",
      "integrity": "sha512-ilHEACi9DwqJB0pw7kv+Apvh50jiiSyR/cQ3y4W7lOR5mhvn/50FLUfsnfJz0BDZtl/RR16kXvptiv6q1msYZg==",
      "funding": [
        {
          "type": "individual",
          "url": "https://paulmillr.com/funding/"
        }
      ]
    },
    "node_modules/@types/node": {
      "version": "18.15.5",
      "resolved": "https://registry.npmjs.org/@types/node/-/node-18.15.5.tgz",
      "integrity": "sha512-Ark2WDjjZO7GmvsyFFf81MXuGTA/d6oP38anyxWOL6EREyBKAxKoFHwBhaZxCfLRLpO8JgVXwqOwSwa7jRcjew==",
      "dev": true
    },
    "node_modules/typescript": {
      "version": "5.0.2",
      "resolved": "https://registry.npmjs.org/typescript/-/typescript-5.0.2.tgz",
      "integrity": "sha512-wVORMBGO/FAs/++blGNeAVdbNKtIh1rbBL2EyQ1+J9lClJ93KiiKe8PmFIVdXhHcyv44SL9oglmfeSsndo0jRw==",
      "dev": true,
      "bin": {
        "tsc": "bin/tsc",
        "tsserver": "bin/tsserver"
      },
      "engines": {
        "node": ">=12.20"
      }
    }
  },
  "dependencies": {
    "@noble/curves": {
      "version": "0.8.3",
      "resolved": "https://registry.npmjs.org/@noble/curves/-/curves-0.8.3.tgz",
      "integrity": "sha512-OqaOf4RWDaCRuBKJLDURrgVxjLmneGsiCXGuzYB5y95YithZMA6w4uk34DHSm0rKMrrYiaeZj48/81EvaAScLQ==",
      "requires": {
        "@noble/hashes": "1.3.0"
      }
    },
    "@noble/hashes": {
      "version": "1.3.0",
      "resolved": "https://registry.npmjs.org/@noble/hashes/-/hashes-1.3.0.tgz",
      "integrity": "sha512-ilHEACi9DwqJB0pw7kv+Apvh50jiiSyR/cQ3y4W7lOR5mhvn/50FLUfsnfJz0BDZtl/RR16kXvptiv6q1msYZg=="
    },
    "@types/node": {
      "version": "18.15.5",
      "resolved": "https://registry.npmjs.org/@types/node/-/node-18.15.5.tgz",
      "integrity": "sha512-Ark2WDjjZO7GmvsyFFf81MXuGTA/d6oP38anyxWOL6EREyBKAxKoFHwBhaZxCfLRLpO8JgVXwqOwSwa7jRcjew==",
      "dev": true
    },
    "typescript": {
      "version": "5.0.2",
      "resolved": "https://registry.npmjs.org/typescript/-/typescript-5.0.2.tgz",
      "integrity": "sha512-wVORMBGO/FAs/++blGNeAVdbNKtIh1rbBL2EyQ1+J9lClJ93KiiKe8PmFIVdXhHcyv44SL9oglmfeSsndo0jRw==",
      "dev": true
    }
  }
}
